// !$*UTF8*$!
{
	archiveVersion = 1;
	classes = {
	};
	objectVersion = 56;
	objects = {

/* Begin PBXBuildFile section */
		FA9DCC052B748845007BE1DF /* AppDelegate.swift in Sources */ = {isa = PBXBuildFile; fileRef = FA9DCC042B748845007BE1DF /* AppDelegate.swift */; };
		FA9DCC072B748845007BE1DF /* ContentView.swift in Sources */ = {isa = PBXBuildFile; fileRef = FA9DCC062B748845007BE1DF /* ContentView.swift */; };
		FA9DCC092B748847007BE1DF /* Assets.xcassets in Resources */ = {isa = PBXBuildFile; fileRef = FA9DCC082B748847007BE1DF /* Assets.xcassets */; };
		FA9DCC0C2B748847007BE1DF /* Preview Assets.xcassets in Resources */ = {isa = PBXBuildFile; fileRef = FA9DCC0B2B748847007BE1DF /* Preview Assets.xcassets */; };
		FA9DCC142B749440007BE1DF /* fender.usdz in Resources */ = {isa = PBXBuildFile; fileRef = FA9DCC122B74943F007BE1DF /* fender.usdz */; };
		FA9DCC152B749440007BE1DF /* toy.usdz in Resources */ = {isa = PBXBuildFile; fileRef = FA9DCC132B749440007BE1DF /* toy.usdz */; };
		FAA84EC32B8BB5360063614F /* OnBoardingViewSemar.swift in Sources */ = {isa = PBXBuildFile; fileRef = FAA84EC22B8BB5360063614F /* OnBoardingViewSemar.swift */; };
		FAA84EC72B8BBB3C0063614F /* WayangViewSemar.swift in Sources */ = {isa = PBXBuildFile; fileRef = FAA84EC62B8BBB3C0063614F /* WayangViewSemar.swift */; };
		FAA84EC92B8BC19B0063614F /* PrimaryButton.swift in Sources */ = {isa = PBXBuildFile; fileRef = FAA84EC82B8BC19B0063614F /* PrimaryButton.swift */; };
		FAB6B6BF2B85A4040093C78B /* HomeView.swift in Sources */ = {isa = PBXBuildFile; fileRef = FAB6B6BE2B85A4040093C78B /* HomeView.swift */; };
		FAB6B6C12B85A40F0093C78B /* HomeViewModel.swift in Sources */ = {isa = PBXBuildFile; fileRef = FAB6B6C02B85A40F0093C78B /* HomeViewModel.swift */; };
		FAB6B6C52B85A4E90093C78B /* NavigatePage.swift in Sources */ = {isa = PBXBuildFile; fileRef = FAB6B6C42B85A4E90093C78B /* NavigatePage.swift */; };
		FAB6B6CE2B85A5050093C78B /* ScreenRouter.swift in Sources */ = {isa = PBXBuildFile; fileRef = FAB6B6C72B85A5050093C78B /* ScreenRouter.swift */; };
		FAB6B6CF2B85A5050093C78B /* RouterFactory.swift in Sources */ = {isa = PBXBuildFile; fileRef = FAB6B6C92B85A5050093C78B /* RouterFactory.swift */; };
		FAB6B6D02B85A5050093C78B /* View + Cover.swift in Sources */ = {isa = PBXBuildFile; fileRef = FAB6B6CA2B85A5050093C78B /* View + Cover.swift */; };
		FAB6B6D12B85A5050093C78B /* NavigationNode.swift in Sources */ = {isa = PBXBuildFile; fileRef = FAB6B6CB2B85A5050093C78B /* NavigationNode.swift */; };
		FAB6B6D22B85A5050093C78B /* Router.swift in Sources */ = {isa = PBXBuildFile; fileRef = FAB6B6CC2B85A5050093C78B /* Router.swift */; };
		FAB6B6D32B85A5050093C78B /* Routing.swift in Sources */ = {isa = PBXBuildFile; fileRef = FAB6B6CD2B85A5050093C78B /* Routing.swift */; };
		FAB6B6D52B85A6D70093C78B /* OnBoardingPetruk.swift in Sources */ = {isa = PBXBuildFile; fileRef = FAB6B6D42B85A6D70093C78B /* OnBoardingPetruk.swift */; };
		FAB6B6D72B85A7020093C78B /* OnBoardingData.swift in Sources */ = {isa = PBXBuildFile; fileRef = FAB6B6D62B85A7020093C78B /* OnBoardingData.swift */; };
		FAB6B6DB2B85DC5F0093C78B /* ButtomBottomView.swift in Sources */ = {isa = PBXBuildFile; fileRef = FAB6B6DA2B85DC5F0093C78B /* ButtomBottomView.swift */; };
		FAB6B6DD2B85DCFF0093C78B /* ImageItemView.swift in Sources */ = {isa = PBXBuildFile; fileRef = FAB6B6DC2B85DCFF0093C78B /* ImageItemView.swift */; };
		FAB6B6E12B85DD430093C78B /* ARViewContainerPetruk.swift in Sources */ = {isa = PBXBuildFile; fileRef = FAB6B6E02B85DD430093C78B /* ARViewContainerPetruk.swift */; };
		FAB6B6E32B85DD520093C78B /* ARViewModel.swift in Sources */ = {isa = PBXBuildFile; fileRef = FAB6B6E22B85DD520093C78B /* ARViewModel.swift */; };
		FAB6B6E52B8B35950093C78B /* petruk_t.usdz in Resources */ = {isa = PBXBuildFile; fileRef = FAB6B6E42B8B35950093C78B /* petruk_t.usdz */; };
		FAB6B6E72B8B36D10093C78B /* semar_t.usdz in Resources */ = {isa = PBXBuildFile; fileRef = FAB6B6E62B8B36D10093C78B /* semar_t.usdz */; };
		FAB6B6ED2B8B6D730093C78B /* semar.usdz in Resources */ = {isa = PBXBuildFile; fileRef = FAB6B6EC2B8B6D730093C78B /* semar.usdz */; };
		FAB6B6EF2B8B6DD00093C78B /* petruk.usdz in Resources */ = {isa = PBXBuildFile; fileRef = FAB6B6EE2B8B6DD00093C78B /* petruk.usdz */; };
		FAB6B6F42B8BA7510093C78B /* WayangViewPetruk.swift in Sources */ = {isa = PBXBuildFile; fileRef = FAB6B6F32B8BA7510093C78B /* WayangViewPetruk.swift */; };
		FAB6B6F72B8BAAD00093C78B /* SelectView.swift in Sources */ = {isa = PBXBuildFile; fileRef = FAB6B6F62B8BAAD00093C78B /* SelectView.swift */; };
		FAB7C2C32B791253007469C4 /* Wayang.swift in Sources */ = {isa = PBXBuildFile; fileRef = FAB7C2C22B791253007469C4 /* Wayang.swift */; };
		FAB7C2C92B7E4AAD007469C4 /* DetailItemView.swift in Sources */ = {isa = PBXBuildFile; fileRef = FAB7C2C82B7E4AAD007469C4 /* DetailItemView.swift */; };
		FAB7C2E72B7E4B10007469C4 /* LeagueSpartan-Medium.ttf in Resources */ = {isa = PBXBuildFile; fileRef = FAB7C2CB2B7E4B0F007469C4 /* LeagueSpartan-Medium.ttf */; };
		FAB7C2E82B7E4B10007469C4 /* LeagueSpartan-ExtraBold.ttf in Resources */ = {isa = PBXBuildFile; fileRef = FAB7C2CC2B7E4B0F007469C4 /* LeagueSpartan-ExtraBold.ttf */; };
		FAB7C2E92B7E4B10007469C4 /* LeagueSpartan-Black.ttf in Resources */ = {isa = PBXBuildFile; fileRef = FAB7C2CD2B7E4B0F007469C4 /* LeagueSpartan-Black.ttf */; };
		FAB7C2EA2B7E4B10007469C4 /* LeagueSpartan-ExtraLight.ttf in Resources */ = {isa = PBXBuildFile; fileRef = FAB7C2CE2B7E4B0F007469C4 /* LeagueSpartan-ExtraLight.ttf */; };
		FAB7C2EB2B7E4B10007469C4 /* LeagueSpartan-Regular.ttf in Resources */ = {isa = PBXBuildFile; fileRef = FAB7C2CF2B7E4B0F007469C4 /* LeagueSpartan-Regular.ttf */; };
		FAB7C2EC2B7E4B10007469C4 /* LeagueSpartan-Light.ttf in Resources */ = {isa = PBXBuildFile; fileRef = FAB7C2D02B7E4B0F007469C4 /* LeagueSpartan-Light.ttf */; };
		FAB7C2ED2B7E4B10007469C4 /* LeagueSpartan-Thin.ttf in Resources */ = {isa = PBXBuildFile; fileRef = FAB7C2D12B7E4B0F007469C4 /* LeagueSpartan-Thin.ttf */; };
		FAB7C2EE2B7E4B10007469C4 /* LeagueSpartan-SemiBold.ttf in Resources */ = {isa = PBXBuildFile; fileRef = FAB7C2D22B7E4B0F007469C4 /* LeagueSpartan-SemiBold.ttf */; };
		FAB7C2EF2B7E4B10007469C4 /* LeagueSpartan-Bold.ttf in Resources */ = {isa = PBXBuildFile; fileRef = FAB7C2D32B7E4B0F007469C4 /* LeagueSpartan-Bold.ttf */; };
		FAB7C2F02B7E4B10007469C4 /* Poppins-ExtraLight.ttf in Resources */ = {isa = PBXBuildFile; fileRef = FAB7C2D52B7E4B10007469C4 /* Poppins-ExtraLight.ttf */; };
		FAB7C2F12B7E4B10007469C4 /* Poppins-ThinItalic.ttf in Resources */ = {isa = PBXBuildFile; fileRef = FAB7C2D62B7E4B10007469C4 /* Poppins-ThinItalic.ttf */; };
		FAB7C2F22B7E4B10007469C4 /* Poppins-ExtraLightItalic.ttf in Resources */ = {isa = PBXBuildFile; fileRef = FAB7C2D72B7E4B10007469C4 /* Poppins-ExtraLightItalic.ttf */; };
		FAB7C2F32B7E4B10007469C4 /* Poppins-BoldItalic.ttf in Resources */ = {isa = PBXBuildFile; fileRef = FAB7C2D82B7E4B10007469C4 /* Poppins-BoldItalic.ttf */; };
		FAB7C2F42B7E4B10007469C4 /* Poppins-Light.ttf in Resources */ = {isa = PBXBuildFile; fileRef = FAB7C2D92B7E4B10007469C4 /* Poppins-Light.ttf */; };
		FAB7C2F52B7E4B10007469C4 /* Poppins-Medium.ttf in Resources */ = {isa = PBXBuildFile; fileRef = FAB7C2DA2B7E4B10007469C4 /* Poppins-Medium.ttf */; };
		FAB7C2F62B7E4B10007469C4 /* Poppins-SemiBoldItalic.ttf in Resources */ = {isa = PBXBuildFile; fileRef = FAB7C2DB2B7E4B10007469C4 /* Poppins-SemiBoldItalic.ttf */; };
		FAB7C2F72B7E4B10007469C4 /* Poppins-ExtraBoldItalic.ttf in Resources */ = {isa = PBXBuildFile; fileRef = FAB7C2DC2B7E4B10007469C4 /* Poppins-ExtraBoldItalic.ttf */; };
		FAB7C2F82B7E4B10007469C4 /* Poppins-ExtraBold.ttf in Resources */ = {isa = PBXBuildFile; fileRef = FAB7C2DD2B7E4B10007469C4 /* Poppins-ExtraBold.ttf */; };
		FAB7C2F92B7E4B10007469C4 /* Poppins-BlackItalic.ttf in Resources */ = {isa = PBXBuildFile; fileRef = FAB7C2DE2B7E4B10007469C4 /* Poppins-BlackItalic.ttf */; };
		FAB7C2FA2B7E4B10007469C4 /* Poppins-Regular.ttf in Resources */ = {isa = PBXBuildFile; fileRef = FAB7C2DF2B7E4B10007469C4 /* Poppins-Regular.ttf */; };
		FAB7C2FB2B7E4B10007469C4 /* Poppins-LightItalic.ttf in Resources */ = {isa = PBXBuildFile; fileRef = FAB7C2E02B7E4B10007469C4 /* Poppins-LightItalic.ttf */; };
		FAB7C2FC2B7E4B10007469C4 /* Poppins-Bold.ttf in Resources */ = {isa = PBXBuildFile; fileRef = FAB7C2E12B7E4B10007469C4 /* Poppins-Bold.ttf */; };
		FAB7C2FD2B7E4B10007469C4 /* Poppins-Black.ttf in Resources */ = {isa = PBXBuildFile; fileRef = FAB7C2E22B7E4B10007469C4 /* Poppins-Black.ttf */; };
		FAB7C2FE2B7E4B10007469C4 /* Poppins-Thin.ttf in Resources */ = {isa = PBXBuildFile; fileRef = FAB7C2E32B7E4B10007469C4 /* Poppins-Thin.ttf */; };
		FAB7C2FF2B7E4B10007469C4 /* Poppins-SemiBold.ttf in Resources */ = {isa = PBXBuildFile; fileRef = FAB7C2E42B7E4B10007469C4 /* Poppins-SemiBold.ttf */; };
		FAB7C3002B7E4B10007469C4 /* Poppins-Italic.ttf in Resources */ = {isa = PBXBuildFile; fileRef = FAB7C2E52B7E4B10007469C4 /* Poppins-Italic.ttf */; };
		FAB7C3012B7E4B10007469C4 /* Poppins-MediumItalic.ttf in Resources */ = {isa = PBXBuildFile; fileRef = FAB7C2E62B7E4B10007469C4 /* Poppins-MediumItalic.ttf */; };
		FAB7C3042B7E4B3A007469C4 /* Color.swift in Sources */ = {isa = PBXBuildFile; fileRef = FAB7C3032B7E4B3A007469C4 /* Color.swift */; };
		FAB7C3062B7E4B42007469C4 /* Font.swift in Sources */ = {isa = PBXBuildFile; fileRef = FAB7C3052B7E4B42007469C4 /* Font.swift */; };
		FAB7C3082B7E4B57007469C4 /* ViewPadding.swift in Sources */ = {isa = PBXBuildFile; fileRef = FAB7C3072B7E4B57007469C4 /* ViewPadding.swift */; };
		FAB7C30A2B805415007469C4 /* Color.xcassets in Resources */ = {isa = PBXBuildFile; fileRef = FAB7C3092B805415007469C4 /* Color.xcassets */; };
/* End PBXBuildFile section */

/* Begin PBXFileReference section */
		FA9DCC012B748845007BE1DF /* wayangAR.app */ = {isa = PBXFileReference; explicitFileType = wrapper.application; includeInIndex = 0; path = wayangAR.app; sourceTree = BUILT_PRODUCTS_DIR; };
		FA9DCC042B748845007BE1DF /* AppDelegate.swift */ = {isa = PBXFileReference; lastKnownFileType = sourcecode.swift; path = AppDelegate.swift; sourceTree = "<group>"; };
		FA9DCC062B748845007BE1DF /* ContentView.swift */ = {isa = PBXFileReference; lastKnownFileType = sourcecode.swift; path = ContentView.swift; sourceTree = "<group>"; };
		FA9DCC082B748847007BE1DF /* Assets.xcassets */ = {isa = PBXFileReference; lastKnownFileType = folder.assetcatalog; path = Assets.xcassets; sourceTree = "<group>"; };
		FA9DCC0B2B748847007BE1DF /* Preview Assets.xcassets */ = {isa = PBXFileReference; lastKnownFileType = folder.assetcatalog; path = "Preview Assets.xcassets"; sourceTree = "<group>"; };
		FA9DCC122B74943F007BE1DF /* fender.usdz */ = {isa = PBXFileReference; lastKnownFileType = file.usdz; path = fender.usdz; sourceTree = "<group>"; };
		FA9DCC132B749440007BE1DF /* toy.usdz */ = {isa = PBXFileReference; lastKnownFileType = file.usdz; path = toy.usdz; sourceTree = "<group>"; };
		FAA84EC22B8BB5360063614F /* OnBoardingViewSemar.swift */ = {isa = PBXFileReference; lastKnownFileType = sourcecode.swift; path = OnBoardingViewSemar.swift; sourceTree = "<group>"; };
		FAA84EC62B8BBB3C0063614F /* WayangViewSemar.swift */ = {isa = PBXFileReference; lastKnownFileType = sourcecode.swift; path = WayangViewSemar.swift; sourceTree = "<group>"; };
		FAA84EC82B8BC19B0063614F /* PrimaryButton.swift */ = {isa = PBXFileReference; lastKnownFileType = sourcecode.swift; path = PrimaryButton.swift; sourceTree = "<group>"; };
		FAB6B6BE2B85A4040093C78B /* HomeView.swift */ = {isa = PBXFileReference; lastKnownFileType = sourcecode.swift; path = HomeView.swift; sourceTree = "<group>"; };
		FAB6B6C02B85A40F0093C78B /* HomeViewModel.swift */ = {isa = PBXFileReference; lastKnownFileType = sourcecode.swift; path = HomeViewModel.swift; sourceTree = "<group>"; };
		FAB6B6C42B85A4E90093C78B /* NavigatePage.swift */ = {isa = PBXFileReference; lastKnownFileType = sourcecode.swift; path = NavigatePage.swift; sourceTree = "<group>"; };
		FAB6B6C72B85A5050093C78B /* ScreenRouter.swift */ = {isa = PBXFileReference; fileEncoding = 4; lastKnownFileType = sourcecode.swift; path = ScreenRouter.swift; sourceTree = "<group>"; };
		FAB6B6C92B85A5050093C78B /* RouterFactory.swift */ = {isa = PBXFileReference; fileEncoding = 4; lastKnownFileType = sourcecode.swift; path = RouterFactory.swift; sourceTree = "<group>"; };
		FAB6B6CA2B85A5050093C78B /* View + Cover.swift */ = {isa = PBXFileReference; fileEncoding = 4; lastKnownFileType = sourcecode.swift; path = "View + Cover.swift"; sourceTree = "<group>"; };
		FAB6B6CB2B85A5050093C78B /* NavigationNode.swift */ = {isa = PBXFileReference; fileEncoding = 4; lastKnownFileType = sourcecode.swift; path = NavigationNode.swift; sourceTree = "<group>"; };
		FAB6B6CC2B85A5050093C78B /* Router.swift */ = {isa = PBXFileReference; fileEncoding = 4; lastKnownFileType = sourcecode.swift; path = Router.swift; sourceTree = "<group>"; };
		FAB6B6CD2B85A5050093C78B /* Routing.swift */ = {isa = PBXFileReference; fileEncoding = 4; lastKnownFileType = sourcecode.swift; path = Routing.swift; sourceTree = "<group>"; };
		FAB6B6D42B85A6D70093C78B /* OnBoardingPetruk.swift */ = {isa = PBXFileReference; lastKnownFileType = sourcecode.swift; path = OnBoardingPetruk.swift; sourceTree = "<group>"; };
		FAB6B6D62B85A7020093C78B /* OnBoardingData.swift */ = {isa = PBXFileReference; lastKnownFileType = sourcecode.swift; path = OnBoardingData.swift; sourceTree = "<group>"; };
		FAB6B6DA2B85DC5F0093C78B /* ButtomBottomView.swift */ = {isa = PBXFileReference; lastKnownFileType = sourcecode.swift; path = ButtomBottomView.swift; sourceTree = "<group>"; };
		FAB6B6DC2B85DCFF0093C78B /* ImageItemView.swift */ = {isa = PBXFileReference; lastKnownFileType = sourcecode.swift; path = ImageItemView.swift; sourceTree = "<group>"; };
		FAB6B6E02B85DD430093C78B /* ARViewContainerPetruk.swift */ = {isa = PBXFileReference; lastKnownFileType = sourcecode.swift; path = ARViewContainerPetruk.swift; sourceTree = "<group>"; };
		FAB6B6E22B85DD520093C78B /* ARViewModel.swift */ = {isa = PBXFileReference; lastKnownFileType = sourcecode.swift; path = ARViewModel.swift; sourceTree = "<group>"; };
		FAB6B6E42B8B35950093C78B /* petruk_t.usdz */ = {isa = PBXFileReference; lastKnownFileType = file.usdz; path = petruk_t.usdz; sourceTree = "<group>"; };
		FAB6B6E62B8B36D10093C78B /* semar_t.usdz */ = {isa = PBXFileReference; lastKnownFileType = file.usdz; path = semar_t.usdz; sourceTree = "<group>"; };
		FAB6B6EC2B8B6D730093C78B /* semar.usdz */ = {isa = PBXFileReference; lastKnownFileType = file.usdz; path = semar.usdz; sourceTree = "<group>"; };
		FAB6B6EE2B8B6DD00093C78B /* petruk.usdz */ = {isa = PBXFileReference; lastKnownFileType = file.usdz; path = petruk.usdz; sourceTree = "<group>"; };
		FAB6B6F32B8BA7510093C78B /* WayangViewPetruk.swift */ = {isa = PBXFileReference; lastKnownFileType = sourcecode.swift; path = WayangViewPetruk.swift; sourceTree = "<group>"; };
		FAB6B6F62B8BAAD00093C78B /* SelectView.swift */ = {isa = PBXFileReference; lastKnownFileType = sourcecode.swift; path = SelectView.swift; sourceTree = "<group>"; };
		FAB7C2C22B791253007469C4 /* Wayang.swift */ = {isa = PBXFileReference; lastKnownFileType = sourcecode.swift; path = Wayang.swift; sourceTree = "<group>"; };
		FAB7C2C82B7E4AAD007469C4 /* DetailItemView.swift */ = {isa = PBXFileReference; lastKnownFileType = sourcecode.swift; path = DetailItemView.swift; sourceTree = "<group>"; };
		FAB7C2CB2B7E4B0F007469C4 /* LeagueSpartan-Medium.ttf */ = {isa = PBXFileReference; lastKnownFileType = file; path = "LeagueSpartan-Medium.ttf"; sourceTree = "<group>"; };
		FAB7C2CC2B7E4B0F007469C4 /* LeagueSpartan-ExtraBold.ttf */ = {isa = PBXFileReference; lastKnownFileType = file; path = "LeagueSpartan-ExtraBold.ttf"; sourceTree = "<group>"; };
		FAB7C2CD2B7E4B0F007469C4 /* LeagueSpartan-Black.ttf */ = {isa = PBXFileReference; lastKnownFileType = file; path = "LeagueSpartan-Black.ttf"; sourceTree = "<group>"; };
		FAB7C2CE2B7E4B0F007469C4 /* LeagueSpartan-ExtraLight.ttf */ = {isa = PBXFileReference; lastKnownFileType = file; path = "LeagueSpartan-ExtraLight.ttf"; sourceTree = "<group>"; };
		FAB7C2CF2B7E4B0F007469C4 /* LeagueSpartan-Regular.ttf */ = {isa = PBXFileReference; lastKnownFileType = file; path = "LeagueSpartan-Regular.ttf"; sourceTree = "<group>"; };
		FAB7C2D02B7E4B0F007469C4 /* LeagueSpartan-Light.ttf */ = {isa = PBXFileReference; lastKnownFileType = file; path = "LeagueSpartan-Light.ttf"; sourceTree = "<group>"; };
		FAB7C2D12B7E4B0F007469C4 /* LeagueSpartan-Thin.ttf */ = {isa = PBXFileReference; lastKnownFileType = file; path = "LeagueSpartan-Thin.ttf"; sourceTree = "<group>"; };
		FAB7C2D22B7E4B0F007469C4 /* LeagueSpartan-SemiBold.ttf */ = {isa = PBXFileReference; lastKnownFileType = file; path = "LeagueSpartan-SemiBold.ttf"; sourceTree = "<group>"; };
		FAB7C2D32B7E4B0F007469C4 /* LeagueSpartan-Bold.ttf */ = {isa = PBXFileReference; lastKnownFileType = file; path = "LeagueSpartan-Bold.ttf"; sourceTree = "<group>"; };
		FAB7C2D52B7E4B10007469C4 /* Poppins-ExtraLight.ttf */ = {isa = PBXFileReference; lastKnownFileType = file; path = "Poppins-ExtraLight.ttf"; sourceTree = "<group>"; };
		FAB7C2D62B7E4B10007469C4 /* Poppins-ThinItalic.ttf */ = {isa = PBXFileReference; lastKnownFileType = file; path = "Poppins-ThinItalic.ttf"; sourceTree = "<group>"; };
		FAB7C2D72B7E4B10007469C4 /* Poppins-ExtraLightItalic.ttf */ = {isa = PBXFileReference; lastKnownFileType = file; path = "Poppins-ExtraLightItalic.ttf"; sourceTree = "<group>"; };
		FAB7C2D82B7E4B10007469C4 /* Poppins-BoldItalic.ttf */ = {isa = PBXFileReference; lastKnownFileType = file; path = "Poppins-BoldItalic.ttf"; sourceTree = "<group>"; };
		FAB7C2D92B7E4B10007469C4 /* Poppins-Light.ttf */ = {isa = PBXFileReference; lastKnownFileType = file; path = "Poppins-Light.ttf"; sourceTree = "<group>"; };
		FAB7C2DA2B7E4B10007469C4 /* Poppins-Medium.ttf */ = {isa = PBXFileReference; lastKnownFileType = file; path = "Poppins-Medium.ttf"; sourceTree = "<group>"; };
		FAB7C2DB2B7E4B10007469C4 /* Poppins-SemiBoldItalic.ttf */ = {isa = PBXFileReference; lastKnownFileType = file; path = "Poppins-SemiBoldItalic.ttf"; sourceTree = "<group>"; };
		FAB7C2DC2B7E4B10007469C4 /* Poppins-ExtraBoldItalic.ttf */ = {isa = PBXFileReference; lastKnownFileType = file; path = "Poppins-ExtraBoldItalic.ttf"; sourceTree = "<group>"; };
		FAB7C2DD2B7E4B10007469C4 /* Poppins-ExtraBold.ttf */ = {isa = PBXFileReference; lastKnownFileType = file; path = "Poppins-ExtraBold.ttf"; sourceTree = "<group>"; };
		FAB7C2DE2B7E4B10007469C4 /* Poppins-BlackItalic.ttf */ = {isa = PBXFileReference; lastKnownFileType = file; path = "Poppins-BlackItalic.ttf"; sourceTree = "<group>"; };
		FAB7C2DF2B7E4B10007469C4 /* Poppins-Regular.ttf */ = {isa = PBXFileReference; lastKnownFileType = file; path = "Poppins-Regular.ttf"; sourceTree = "<group>"; };
		FAB7C2E02B7E4B10007469C4 /* Poppins-LightItalic.ttf */ = {isa = PBXFileReference; lastKnownFileType = file; path = "Poppins-LightItalic.ttf"; sourceTree = "<group>"; };
		FAB7C2E12B7E4B10007469C4 /* Poppins-Bold.ttf */ = {isa = PBXFileReference; lastKnownFileType = file; path = "Poppins-Bold.ttf"; sourceTree = "<group>"; };
		FAB7C2E22B7E4B10007469C4 /* Poppins-Black.ttf */ = {isa = PBXFileReference; lastKnownFileType = file; path = "Poppins-Black.ttf"; sourceTree = "<group>"; };
		FAB7C2E32B7E4B10007469C4 /* Poppins-Thin.ttf */ = {isa = PBXFileReference; lastKnownFileType = file; path = "Poppins-Thin.ttf"; sourceTree = "<group>"; };
		FAB7C2E42B7E4B10007469C4 /* Poppins-SemiBold.ttf */ = {isa = PBXFileReference; lastKnownFileType = file; path = "Poppins-SemiBold.ttf"; sourceTree = "<group>"; };
		FAB7C2E52B7E4B10007469C4 /* Poppins-Italic.ttf */ = {isa = PBXFileReference; lastKnownFileType = file; path = "Poppins-Italic.ttf"; sourceTree = "<group>"; };
		FAB7C2E62B7E4B10007469C4 /* Poppins-MediumItalic.ttf */ = {isa = PBXFileReference; lastKnownFileType = file; path = "Poppins-MediumItalic.ttf"; sourceTree = "<group>"; };
		FAB7C3032B7E4B3A007469C4 /* Color.swift */ = {isa = PBXFileReference; lastKnownFileType = sourcecode.swift; path = Color.swift; sourceTree = "<group>"; };
		FAB7C3052B7E4B42007469C4 /* Font.swift */ = {isa = PBXFileReference; lastKnownFileType = sourcecode.swift; path = Font.swift; sourceTree = "<group>"; };
		FAB7C3072B7E4B57007469C4 /* ViewPadding.swift */ = {isa = PBXFileReference; lastKnownFileType = sourcecode.swift; path = ViewPadding.swift; sourceTree = "<group>"; };
		FAB7C3092B805415007469C4 /* Color.xcassets */ = {isa = PBXFileReference; lastKnownFileType = folder.assetcatalog; path = Color.xcassets; sourceTree = "<group>"; };
/* End PBXFileReference section */

/* Begin PBXFrameworksBuildPhase section */
		FA9DCBFE2B748845007BE1DF /* Frameworks */ = {
			isa = PBXFrameworksBuildPhase;
			buildActionMask = 2147483647;
			files = (
			);
			runOnlyForDeploymentPostprocessing = 0;
		};
/* End PBXFrameworksBuildPhase section */

/* Begin PBXGroup section */
		FA9DCBF82B748845007BE1DF = {
			isa = PBXGroup;
			children = (
				FA9DCC032B748845007BE1DF /* wayangAR */,
				FA9DCC022B748845007BE1DF /* Products */,
			);
			sourceTree = "<group>";
		};
		FA9DCC022B748845007BE1DF /* Products */ = {
			isa = PBXGroup;
			children = (
				FA9DCC012B748845007BE1DF /* wayangAR.app */,
			);
			name = Products;
			sourceTree = "<group>";
		};
		FA9DCC032B748845007BE1DF /* wayangAR */ = {
			isa = PBXGroup;
			children = (
				FAB7C30B2B80B53F007469C4 /* Models */,
				FAB7C3022B7E4B29007469C4 /* Decoration */,
				FAB7C2C72B7E4A5D007469C4 /* Components */,
				FAB7C2C52B7E4A41007469C4 /* Resources */,
				FAB7C2C42B791B15007469C4 /* Presentation */,
				FAB7C2C12B7911FA007469C4 /* Model */,
				FA9DCC042B748845007BE1DF /* AppDelegate.swift */,
				FA9DCC062B748845007BE1DF /* ContentView.swift */,
				FA9DCC082B748847007BE1DF /* Assets.xcassets */,
				FAB7C3092B805415007469C4 /* Color.xcassets */,
				FAB6B6C62B85A5050093C78B /* Router */,
				FA9DCC0A2B748847007BE1DF /* Preview Content */,
			);
			path = wayangAR;
			sourceTree = "<group>";
		};
		FA9DCC0A2B748847007BE1DF /* Preview Content */ = {
			isa = PBXGroup;
			children = (
				FA9DCC0B2B748847007BE1DF /* Preview Assets.xcassets */,
			);
			path = "Preview Content";
			sourceTree = "<group>";
		};
		FAB6B6BC2B85A3C40093C78B /* Home */ = {
			isa = PBXGroup;
			children = (
				FAB6B6BE2B85A4040093C78B /* HomeView.swift */,
				FAB6B6C02B85A40F0093C78B /* HomeViewModel.swift */,
			);
			path = Home;
			sourceTree = "<group>";
		};
		FAB6B6BD2B85A3CB0093C78B /* OnBoarding */ = {
			isa = PBXGroup;
			children = (
				FAB6B6D42B85A6D70093C78B /* OnBoardingPetruk.swift */,
				FAB6B6D62B85A7020093C78B /* OnBoardingData.swift */,
				FAA84EC22B8BB5360063614F /* OnBoardingViewSemar.swift */,
			);
			path = OnBoarding;
			sourceTree = "<group>";
		};
		FAB6B6C62B85A5050093C78B /* Router */ = {
			isa = PBXGroup;
			children = (
				FAB6B6C72B85A5050093C78B /* ScreenRouter.swift */,
				FAB6B6C82B85A5050093C78B /* Helper */,
			);
			path = Router;
			sourceTree = "<group>";
		};
		FAB6B6C82B85A5050093C78B /* Helper */ = {
			isa = PBXGroup;
			children = (
				FAB6B6C92B85A5050093C78B /* RouterFactory.swift */,
				FAB6B6CA2B85A5050093C78B /* View + Cover.swift */,
				FAB6B6CB2B85A5050093C78B /* NavigationNode.swift */,
				FAB6B6CC2B85A5050093C78B /* Router.swift */,
				FAB6B6CD2B85A5050093C78B /* Routing.swift */,
			);
			path = Helper;
			sourceTree = "<group>";
		};
		FAB6B6DF2B85DD380093C78B /* ARView */ = {
			isa = PBXGroup;
			children = (
				FAB6B6E02B85DD430093C78B /* ARViewContainerPetruk.swift */,
				FAB6B6E22B85DD520093C78B /* ARViewModel.swift */,
			);
			path = ARView;
			sourceTree = "<group>";
		};
		FAB6B6F22B8BA7420093C78B /* WayangView */ = {
			isa = PBXGroup;
			children = (
				FAB6B6F32B8BA7510093C78B /* WayangViewPetruk.swift */,
				FAA84EC62B8BBB3C0063614F /* WayangViewSemar.swift */,
			);
			path = WayangView;
			sourceTree = "<group>";
		};
		FAB6B6F52B8BAAC50093C78B /* SelectView */ = {
			isa = PBXGroup;
			children = (
				FAB6B6F62B8BAAD00093C78B /* SelectView.swift */,
			);
			path = SelectView;
			sourceTree = "<group>";
		};
		FAB7C2C12B7911FA007469C4 /* Model */ = {
			isa = PBXGroup;
			children = (
				FAB7C2C22B791253007469C4 /* Wayang.swift */,
			);
			path = Model;
			sourceTree = "<group>";
		};
		FAB7C2C42B791B15007469C4 /* Presentation */ = {
			isa = PBXGroup;
			children = (
				FAB6B6F52B8BAAC50093C78B /* SelectView */,
				FAB6B6F22B8BA7420093C78B /* WayangView */,
				FAB6B6DF2B85DD380093C78B /* ARView */,
				FAB6B6BD2B85A3CB0093C78B /* OnBoarding */,
				FAB6B6BC2B85A3C40093C78B /* Home */,
			);
			path = Presentation;
			sourceTree = "<group>";
		};
		FAB7C2C52B7E4A41007469C4 /* Resources */ = {
			isa = PBXGroup;
			children = (
				FAB7C2CA2B7E4B0F007469C4 /* League-Spartan copy */,
				FAB7C2D42B7E4B10007469C4 /* Poppins copy */,
			);
			path = Resources;
			sourceTree = "<group>";
		};
		FAB7C2C72B7E4A5D007469C4 /* Components */ = {
			isa = PBXGroup;
			children = (
				FAB7C2C82B7E4AAD007469C4 /* DetailItemView.swift */,
				FAB6B6C42B85A4E90093C78B /* NavigatePage.swift */,
				FAB6B6DA2B85DC5F0093C78B /* ButtomBottomView.swift */,
				FAB6B6DC2B85DCFF0093C78B /* ImageItemView.swift */,
				FAA84EC82B8BC19B0063614F /* PrimaryButton.swift */,
			);
			path = Components;
			sourceTree = "<group>";
		};
		FAB7C2CA2B7E4B0F007469C4 /* League-Spartan copy */ = {
			isa = PBXGroup;
			children = (
				FAB7C2CB2B7E4B0F007469C4 /* LeagueSpartan-Medium.ttf */,
				FAB7C2CC2B7E4B0F007469C4 /* LeagueSpartan-ExtraBold.ttf */,
				FAB7C2CD2B7E4B0F007469C4 /* LeagueSpartan-Black.ttf */,
				FAB7C2CE2B7E4B0F007469C4 /* LeagueSpartan-ExtraLight.ttf */,
				FAB7C2CF2B7E4B0F007469C4 /* LeagueSpartan-Regular.ttf */,
				FAB7C2D02B7E4B0F007469C4 /* LeagueSpartan-Light.ttf */,
				FAB7C2D12B7E4B0F007469C4 /* LeagueSpartan-Thin.ttf */,
				FAB7C2D22B7E4B0F007469C4 /* LeagueSpartan-SemiBold.ttf */,
				FAB7C2D32B7E4B0F007469C4 /* LeagueSpartan-Bold.ttf */,
			);
			path = "League-Spartan copy";
			sourceTree = "<group>";
		};
		FAB7C2D42B7E4B10007469C4 /* Poppins copy */ = {
			isa = PBXGroup;
			children = (
				FAB7C2D52B7E4B10007469C4 /* Poppins-ExtraLight.ttf */,
				FAB7C2D62B7E4B10007469C4 /* Poppins-ThinItalic.ttf */,
				FAB7C2D72B7E4B10007469C4 /* Poppins-ExtraLightItalic.ttf */,
				FAB7C2D82B7E4B10007469C4 /* Poppins-BoldItalic.ttf */,
				FAB7C2D92B7E4B10007469C4 /* Poppins-Light.ttf */,
				FAB7C2DA2B7E4B10007469C4 /* Poppins-Medium.ttf */,
				FAB7C2DB2B7E4B10007469C4 /* Poppins-SemiBoldItalic.ttf */,
				FAB7C2DC2B7E4B10007469C4 /* Poppins-ExtraBoldItalic.ttf */,
				FAB7C2DD2B7E4B10007469C4 /* Poppins-ExtraBold.ttf */,
				FAB7C2DE2B7E4B10007469C4 /* Poppins-BlackItalic.ttf */,
				FAB7C2DF2B7E4B10007469C4 /* Poppins-Regular.ttf */,
				FAB7C2E02B7E4B10007469C4 /* Poppins-LightItalic.ttf */,
				FAB7C2E12B7E4B10007469C4 /* Poppins-Bold.ttf */,
				FAB7C2E22B7E4B10007469C4 /* Poppins-Black.ttf */,
				FAB7C2E32B7E4B10007469C4 /* Poppins-Thin.ttf */,
				FAB7C2E42B7E4B10007469C4 /* Poppins-SemiBold.ttf */,
				FAB7C2E52B7E4B10007469C4 /* Poppins-Italic.ttf */,
				FAB7C2E62B7E4B10007469C4 /* Poppins-MediumItalic.ttf */,
			);
			path = "Poppins copy";
			sourceTree = "<group>";
		};
		FAB7C3022B7E4B29007469C4 /* Decoration */ = {
			isa = PBXGroup;
			children = (
				FAB7C3032B7E4B3A007469C4 /* Color.swift */,
				FAB7C3052B7E4B42007469C4 /* Font.swift */,
				FAB7C3072B7E4B57007469C4 /* ViewPadding.swift */,
			);
			path = Decoration;
			sourceTree = "<group>";
		};
		FAB7C30B2B80B53F007469C4 /* Models */ = {
			isa = PBXGroup;
			children = (
				FAB6B6EE2B8B6DD00093C78B /* petruk.usdz */,
				FAB6B6EC2B8B6D730093C78B /* semar.usdz */,
				FAB6B6E62B8B36D10093C78B /* semar_t.usdz */,
				FAB6B6E42B8B35950093C78B /* petruk_t.usdz */,
				FA9DCC122B74943F007BE1DF /* fender.usdz */,
				FA9DCC132B749440007BE1DF /* toy.usdz */,
			);
			path = Models;
			sourceTree = "<group>";
		};
/* End PBXGroup section */

/* Begin PBXNativeTarget section */
		FA9DCC002B748845007BE1DF /* wayangAR */ = {
			isa = PBXNativeTarget;
			buildConfigurationList = FA9DCC0F2B748847007BE1DF /* Build configuration list for PBXNativeTarget "wayangAR" */;
			buildPhases = (
				FA9DCBFD2B748845007BE1DF /* Sources */,
				FA9DCBFE2B748845007BE1DF /* Frameworks */,
				FA9DCBFF2B748845007BE1DF /* Resources */,
			);
			buildRules = (
			);
			dependencies = (
			);
			name = wayangAR;
			productName = wayangAR;
			productReference = FA9DCC012B748845007BE1DF /* wayangAR.app */;
			productType = "com.apple.product-type.application";
		};
/* End PBXNativeTarget section */

/* Begin PBXProject section */
		FA9DCBF92B748845007BE1DF /* Project object */ = {
			isa = PBXProject;
			attributes = {
				BuildIndependentTargetsInParallel = 1;
				LastSwiftUpdateCheck = 1500;
				LastUpgradeCheck = 1500;
				TargetAttributes = {
					FA9DCC002B748845007BE1DF = {
						CreatedOnToolsVersion = 15.0;
					};
				};
			};
			buildConfigurationList = FA9DCBFC2B748845007BE1DF /* Build configuration list for PBXProject "wayangAR" */;
			compatibilityVersion = "Xcode 14.0";
			developmentRegion = en;
			hasScannedForEncodings = 0;
			knownRegions = (
				en,
				Base,
			);
			mainGroup = FA9DCBF82B748845007BE1DF;
			productRefGroup = FA9DCC022B748845007BE1DF /* Products */;
			projectDirPath = "";
			projectRoot = "";
			targets = (
				FA9DCC002B748845007BE1DF /* wayangAR */,
			);
		};
/* End PBXProject section */

/* Begin PBXResourcesBuildPhase section */
		FA9DCBFF2B748845007BE1DF /* Resources */ = {
			isa = PBXResourcesBuildPhase;
			buildActionMask = 2147483647;
			files = (
				FAB7C2F22B7E4B10007469C4 /* Poppins-ExtraLightItalic.ttf in Resources */,
				FAB7C2FE2B7E4B10007469C4 /* Poppins-Thin.ttf in Resources */,
				FAB7C2F42B7E4B10007469C4 /* Poppins-Light.ttf in Resources */,
				FA9DCC0C2B748847007BE1DF /* Preview Assets.xcassets in Resources */,
				FAB7C2F72B7E4B10007469C4 /* Poppins-ExtraBoldItalic.ttf in Resources */,
				FAB7C2E82B7E4B10007469C4 /* LeagueSpartan-ExtraBold.ttf in Resources */,
				FAB7C2EC2B7E4B10007469C4 /* LeagueSpartan-Light.ttf in Resources */,
				FAB7C2FD2B7E4B10007469C4 /* Poppins-Black.ttf in Resources */,
				FAB7C2F62B7E4B10007469C4 /* Poppins-SemiBoldItalic.ttf in Resources */,
				FAB7C30A2B805415007469C4 /* Color.xcassets in Resources */,
				FAB7C2ED2B7E4B10007469C4 /* LeagueSpartan-Thin.ttf in Resources */,
				FAB6B6EF2B8B6DD00093C78B /* petruk.usdz in Resources */,
				FA9DCC152B749440007BE1DF /* toy.usdz in Resources */,
				FAB7C2EB2B7E4B10007469C4 /* LeagueSpartan-Regular.ttf in Resources */,
				FAB6B6ED2B8B6D730093C78B /* semar.usdz in Resources */,
				FAB7C2F02B7E4B10007469C4 /* Poppins-ExtraLight.ttf in Resources */,
				FAB7C2FB2B7E4B10007469C4 /* Poppins-LightItalic.ttf in Resources */,
				FAB7C2EF2B7E4B10007469C4 /* LeagueSpartan-Bold.ttf in Resources */,
				FAB7C2F32B7E4B10007469C4 /* Poppins-BoldItalic.ttf in Resources */,
				FAB7C2E72B7E4B10007469C4 /* LeagueSpartan-Medium.ttf in Resources */,
				FAB7C2E92B7E4B10007469C4 /* LeagueSpartan-Black.ttf in Resources */,
				FAB7C3002B7E4B10007469C4 /* Poppins-Italic.ttf in Resources */,
				FAB7C2FA2B7E4B10007469C4 /* Poppins-Regular.ttf in Resources */,
				FAB7C2EA2B7E4B10007469C4 /* LeagueSpartan-ExtraLight.ttf in Resources */,
				FAB7C2F52B7E4B10007469C4 /* Poppins-Medium.ttf in Resources */,
				FAB7C2F92B7E4B10007469C4 /* Poppins-BlackItalic.ttf in Resources */,
				FA9DCC092B748847007BE1DF /* Assets.xcassets in Resources */,
				FAB7C3012B7E4B10007469C4 /* Poppins-MediumItalic.ttf in Resources */,
				FAB7C2FF2B7E4B10007469C4 /* Poppins-SemiBold.ttf in Resources */,
				FAB7C2FC2B7E4B10007469C4 /* Poppins-Bold.ttf in Resources */,
				FAB6B6E72B8B36D10093C78B /* semar_t.usdz in Resources */,
				FAB7C2F82B7E4B10007469C4 /* Poppins-ExtraBold.ttf in Resources */,
				FAB7C2F12B7E4B10007469C4 /* Poppins-ThinItalic.ttf in Resources */,
				FAB6B6E52B8B35950093C78B /* petruk_t.usdz in Resources */,
				FAB7C2EE2B7E4B10007469C4 /* LeagueSpartan-SemiBold.ttf in Resources */,
				FA9DCC142B749440007BE1DF /* fender.usdz in Resources */,
			);
			runOnlyForDeploymentPostprocessing = 0;
		};
/* End PBXResourcesBuildPhase section */

/* Begin PBXSourcesBuildPhase section */
		FA9DCBFD2B748845007BE1DF /* Sources */ = {
			isa = PBXSourcesBuildPhase;
			buildActionMask = 2147483647;
			files = (
				FAB7C2C92B7E4AAD007469C4 /* DetailItemView.swift in Sources */,
				FAB6B6D72B85A7020093C78B /* OnBoardingData.swift in Sources */,
				FAA84EC72B8BBB3C0063614F /* WayangViewSemar.swift in Sources */,
				FAB6B6E32B85DD520093C78B /* ARViewModel.swift in Sources */,
				FAB6B6E12B85DD430093C78B /* ARViewContainerPetruk.swift in Sources */,
				FAB6B6D12B85A5050093C78B /* NavigationNode.swift in Sources */,
				FAB6B6F72B8BAAD00093C78B /* SelectView.swift in Sources */,
				FAB6B6D32B85A5050093C78B /* Routing.swift in Sources */,
				FAB6B6F42B8BA7510093C78B /* WayangViewPetruk.swift in Sources */,
				FAB6B6D52B85A6D70093C78B /* OnBoardingPetruk.swift in Sources */,
				FAB6B6C12B85A40F0093C78B /* HomeViewModel.swift in Sources */,
				FAB7C2C32B791253007469C4 /* Wayang.swift in Sources */,
				FAB6B6CF2B85A5050093C78B /* RouterFactory.swift in Sources */,
				FAB6B6D02B85A5050093C78B /* View + Cover.swift in Sources */,
				FAB7C3062B7E4B42007469C4 /* Font.swift in Sources */,
				FAB7C3082B7E4B57007469C4 /* ViewPadding.swift in Sources */,
				FAA84EC32B8BB5360063614F /* OnBoardingViewSemar.swift in Sources */,
				FAB6B6D22B85A5050093C78B /* Router.swift in Sources */,
				FAA84EC92B8BC19B0063614F /* PrimaryButton.swift in Sources */,
				FA9DCC072B748845007BE1DF /* ContentView.swift in Sources */,
				FAB6B6CE2B85A5050093C78B /* ScreenRouter.swift in Sources */,
				FAB6B6DD2B85DCFF0093C78B /* ImageItemView.swift in Sources */,
				FAB6B6DB2B85DC5F0093C78B /* ButtomBottomView.swift in Sources */,
				FAB6B6BF2B85A4040093C78B /* HomeView.swift in Sources */,
				FAB7C3042B7E4B3A007469C4 /* Color.swift in Sources */,
				FAB6B6C52B85A4E90093C78B /* NavigatePage.swift in Sources */,
				FA9DCC052B748845007BE1DF /* AppDelegate.swift in Sources */,
			);
			runOnlyForDeploymentPostprocessing = 0;
		};
/* End PBXSourcesBuildPhase section */

/* Begin XCBuildConfiguration section */
		FA9DCC0D2B748847007BE1DF /* Debug */ = {
			isa = XCBuildConfiguration;
			buildSettings = {
				ALWAYS_SEARCH_USER_PATHS = NO;
				ASSETCATALOG_COMPILER_GENERATE_SWIFT_ASSET_SYMBOL_EXTENSIONS = YES;
				CLANG_ANALYZER_NONNULL = YES;
				CLANG_ANALYZER_NUMBER_OBJECT_CONVERSION = YES_AGGRESSIVE;
				CLANG_CXX_LANGUAGE_STANDARD = "gnu++20";
				CLANG_ENABLE_MODULES = YES;
				CLANG_ENABLE_OBJC_ARC = YES;
				CLANG_ENABLE_OBJC_WEAK = YES;
				CLANG_WARN_BLOCK_CAPTURE_AUTORELEASING = YES;
				CLANG_WARN_BOOL_CONVERSION = YES;
				CLANG_WARN_COMMA = YES;
				CLANG_WARN_CONSTANT_CONVERSION = YES;
				CLANG_WARN_DEPRECATED_OBJC_IMPLEMENTATIONS = YES;
				CLANG_WARN_DIRECT_OBJC_ISA_USAGE = YES_ERROR;
				CLANG_WARN_DOCUMENTATION_COMMENTS = YES;
				CLANG_WARN_EMPTY_BODY = YES;
				CLANG_WARN_ENUM_CONVERSION = YES;
				CLANG_WARN_INFINITE_RECURSION = YES;
				CLANG_WARN_INT_CONVERSION = YES;
				CLANG_WARN_NON_LITERAL_NULL_CONVERSION = YES;
				CLANG_WARN_OBJC_IMPLICIT_RETAIN_SELF = YES;
				CLANG_WARN_OBJC_LITERAL_CONVERSION = YES;
				CLANG_WARN_OBJC_ROOT_CLASS = YES_ERROR;
				CLANG_WARN_QUOTED_INCLUDE_IN_FRAMEWORK_HEADER = YES;
				CLANG_WARN_RANGE_LOOP_ANALYSIS = YES;
				CLANG_WARN_STRICT_PROTOTYPES = YES;
				CLANG_WARN_SUSPICIOUS_MOVE = YES;
				CLANG_WARN_UNGUARDED_AVAILABILITY = YES_AGGRESSIVE;
				CLANG_WARN_UNREACHABLE_CODE = YES;
				CLANG_WARN__DUPLICATE_METHOD_MATCH = YES;
				COPY_PHASE_STRIP = NO;
				DEBUG_INFORMATION_FORMAT = dwarf;
				ENABLE_STRICT_OBJC_MSGSEND = YES;
				ENABLE_TESTABILITY = YES;
				ENABLE_USER_SCRIPT_SANDBOXING = YES;
				GCC_C_LANGUAGE_STANDARD = gnu17;
				GCC_DYNAMIC_NO_PIC = NO;
				GCC_NO_COMMON_BLOCKS = YES;
				GCC_OPTIMIZATION_LEVEL = 0;
				GCC_PREPROCESSOR_DEFINITIONS = (
					"DEBUG=1",
					"$(inherited)",
				);
				GCC_WARN_64_TO_32_BIT_CONVERSION = YES;
				GCC_WARN_ABOUT_RETURN_TYPE = YES_ERROR;
				GCC_WARN_UNDECLARED_SELECTOR = YES;
				GCC_WARN_UNINITIALIZED_AUTOS = YES_AGGRESSIVE;
				GCC_WARN_UNUSED_FUNCTION = YES;
				GCC_WARN_UNUSED_VARIABLE = YES;
				IPHONEOS_DEPLOYMENT_TARGET = 17.0;
				LOCALIZATION_PREFERS_STRING_CATALOGS = YES;
				MTL_ENABLE_DEBUG_INFO = INCLUDE_SOURCE;
				MTL_FAST_MATH = YES;
				ONLY_ACTIVE_ARCH = YES;
				SDKROOT = iphoneos;
				SWIFT_ACTIVE_COMPILATION_CONDITIONS = "DEBUG $(inherited)";
				SWIFT_OPTIMIZATION_LEVEL = "-Onone";
			};
			name = Debug;
		};
		FA9DCC0E2B748847007BE1DF /* Release */ = {
			isa = XCBuildConfiguration;
			buildSettings = {
				ALWAYS_SEARCH_USER_PATHS = NO;
				ASSETCATALOG_COMPILER_GENERATE_SWIFT_ASSET_SYMBOL_EXTENSIONS = YES;
				CLANG_ANALYZER_NONNULL = YES;
				CLANG_ANALYZER_NUMBER_OBJECT_CONVERSION = YES_AGGRESSIVE;
				CLANG_CXX_LANGUAGE_STANDARD = "gnu++20";
				CLANG_ENABLE_MODULES = YES;
				CLANG_ENABLE_OBJC_ARC = YES;
				CLANG_ENABLE_OBJC_WEAK = YES;
				CLANG_WARN_BLOCK_CAPTURE_AUTORELEASING = YES;
				CLANG_WARN_BOOL_CONVERSION = YES;
				CLANG_WARN_COMMA = YES;
				CLANG_WARN_CONSTANT_CONVERSION = YES;
				CLANG_WARN_DEPRECATED_OBJC_IMPLEMENTATIONS = YES;
				CLANG_WARN_DIRECT_OBJC_ISA_USAGE = YES_ERROR;
				CLANG_WARN_DOCUMENTATION_COMMENTS = YES;
				CLANG_WARN_EMPTY_BODY = YES;
				CLANG_WARN_ENUM_CONVERSION = YES;
				CLANG_WARN_INFINITE_RECURSION = YES;
				CLANG_WARN_INT_CONVERSION = YES;
				CLANG_WARN_NON_LITERAL_NULL_CONVERSION = YES;
				CLANG_WARN_OBJC_IMPLICIT_RETAIN_SELF = YES;
				CLANG_WARN_OBJC_LITERAL_CONVERSION = YES;
				CLANG_WARN_OBJC_ROOT_CLASS = YES_ERROR;
				CLANG_WARN_QUOTED_INCLUDE_IN_FRAMEWORK_HEADER = YES;
				CLANG_WARN_RANGE_LOOP_ANALYSIS = YES;
				CLANG_WARN_STRICT_PROTOTYPES = YES;
				CLANG_WARN_SUSPICIOUS_MOVE = YES;
				CLANG_WARN_UNGUARDED_AVAILABILITY = YES_AGGRESSIVE;
				CLANG_WARN_UNREACHABLE_CODE = YES;
				CLANG_WARN__DUPLICATE_METHOD_MATCH = YES;
				COPY_PHASE_STRIP = NO;
				DEBUG_INFORMATION_FORMAT = "dwarf-with-dsym";
				ENABLE_NS_ASSERTIONS = NO;
				ENABLE_STRICT_OBJC_MSGSEND = YES;
				ENABLE_USER_SCRIPT_SANDBOXING = YES;
				GCC_C_LANGUAGE_STANDARD = gnu17;
				GCC_NO_COMMON_BLOCKS = YES;
				GCC_WARN_64_TO_32_BIT_CONVERSION = YES;
				GCC_WARN_ABOUT_RETURN_TYPE = YES_ERROR;
				GCC_WARN_UNDECLARED_SELECTOR = YES;
				GCC_WARN_UNINITIALIZED_AUTOS = YES_AGGRESSIVE;
				GCC_WARN_UNUSED_FUNCTION = YES;
				GCC_WARN_UNUSED_VARIABLE = YES;
				IPHONEOS_DEPLOYMENT_TARGET = 17.0;
				LOCALIZATION_PREFERS_STRING_CATALOGS = YES;
				MTL_ENABLE_DEBUG_INFO = NO;
				MTL_FAST_MATH = YES;
				SDKROOT = iphoneos;
				SWIFT_COMPILATION_MODE = wholemodule;
				VALIDATE_PRODUCT = YES;
			};
			name = Release;
		};
		FA9DCC102B748847007BE1DF /* Debug */ = {
			isa = XCBuildConfiguration;
			buildSettings = {
				ASSETCATALOG_COMPILER_APPICON_NAME = AppIcon;
				ASSETCATALOG_COMPILER_GLOBAL_ACCENT_COLOR_NAME = AccentColor;
				CODE_SIGN_STYLE = Automatic;
				CURRENT_PROJECT_VERSION = 1;
				DEVELOPMENT_ASSET_PATHS = "\"wayangAR/Preview Content\"";
				DEVELOPMENT_TEAM = J3R8ZVJ58V;
				ENABLE_PREVIEWS = YES;
				GENERATE_INFOPLIST_FILE = YES;
				INFOPLIST_KEY_NSCameraUsageDescription = "";
				INFOPLIST_KEY_UIApplicationSupportsIndirectInputEvents = YES;
				INFOPLIST_KEY_UILaunchScreen_Generation = YES;
				INFOPLIST_KEY_UIRequiredDeviceCapabilities = arkit;
				INFOPLIST_KEY_UIStatusBarHidden = YES;
				INFOPLIST_KEY_UISupportedInterfaceOrientations_iPad = "UIInterfaceOrientationPortrait UIInterfaceOrientationPortraitUpsideDown UIInterfaceOrientationLandscapeLeft UIInterfaceOrientationLandscapeRight";
				INFOPLIST_KEY_UISupportedInterfaceOrientations_iPhone = "UIInterfaceOrientationPortrait UIInterfaceOrientationLandscapeLeft UIInterfaceOrientationLandscapeRight";
				LD_RUNPATH_SEARCH_PATHS = (
					"$(inherited)",
					"@executable_path/Frameworks",
				);
				MARKETING_VERSION = 1.0;
				PRODUCT_BUNDLE_IDENTIFIER = evan.wayangAR;
				PRODUCT_NAME = "$(TARGET_NAME)";
				SWIFT_EMIT_LOC_STRINGS = YES;
				SWIFT_VERSION = 5.0;
				TARGETED_DEVICE_FAMILY = "1,2";
			};
			name = Debug;
		};
		FA9DCC112B748847007BE1DF /* Release */ = {
			isa = XCBuildConfiguration;
			buildSettings = {
				ASSETCATALOG_COMPILER_APPICON_NAME = AppIcon;
				ASSETCATALOG_COMPILER_GLOBAL_ACCENT_COLOR_NAME = AccentColor;
				CODE_SIGN_STYLE = Automatic;
				CURRENT_PROJECT_VERSION = 1;
				DEVELOPMENT_ASSET_PATHS = "\"wayangAR/Preview Content\"";
				DEVELOPMENT_TEAM = J3R8ZVJ58V;
				ENABLE_PREVIEWS = YES;
				GENERATE_INFOPLIST_FILE = YES;
				INFOPLIST_KEY_NSCameraUsageDescription = "";
				INFOPLIST_KEY_UIApplicationSupportsIndirectInputEvents = YES;
				INFOPLIST_KEY_UILaunchScreen_Generation = YES;
				INFOPLIST_KEY_UIRequiredDeviceCapabilities = arkit;
				INFOPLIST_KEY_UIStatusBarHidden = YES;
				INFOPLIST_KEY_UISupportedInterfaceOrientations_iPad = "UIInterfaceOrientationPortrait UIInterfaceOrientationPortraitUpsideDown UIInterfaceOrientationLandscapeLeft UIInterfaceOrientationLandscapeRight";
				INFOPLIST_KEY_UISupportedInterfaceOrientations_iPhone = "UIInterfaceOrientationPortrait UIInterfaceOrientationLandscapeLeft UIInterfaceOrientationLandscapeRight";
				LD_RUNPATH_SEARCH_PATHS = (
					"$(inherited)",
					"@executable_path/Frameworks",
				);
				MARKETING_VERSION = 1.0;
				PRODUCT_BUNDLE_IDENTIFIER = evan.wayangAR;
				PRODUCT_NAME = "$(TARGET_NAME)";
				SWIFT_EMIT_LOC_STRINGS = YES;
				SWIFT_VERSION = 5.0;
				TARGETED_DEVICE_FAMILY = "1,2";
			};
			name = Release;
		};
/* End XCBuildConfiguration section */

/* Begin XCConfigurationList section */
		FA9DCBFC2B748845007BE1DF /* Build configuration list for PBXProject "wayangAR" */ = {
			isa = XCConfigurationList;
			buildConfigurations = (
				FA9DCC0D2B748847007BE1DF /* Debug */,
				FA9DCC0E2B748847007BE1DF /* Release */,
			);
			defaultConfigurationIsVisible = 0;
			defaultConfigurationName = Release;
		};
		FA9DCC0F2B748847007BE1DF /* Build configuration list for PBXNativeTarget "wayangAR" */ = {
			isa = XCConfigurationList;
			buildConfigurations = (
				FA9DCC102B748847007BE1DF /* Debug */,
				FA9DCC112B748847007BE1DF /* Release */,
			);
			defaultConfigurationIsVisible = 0;
			defaultConfigurationName = Release;
		};
/* End XCConfigurationList section */
	};
	rootObject = FA9DCBF92B748845007BE1DF /* Project object */;
}
